
Microsoft Visual Studio Solution File, Format Version 12.00
# Visual Studio 15
VisualStudioVersion = 15.0.26430.14
MinimumVisualStudioVersion = 10.0.40219.1
Project("{FAE04EC0-301F-11D3-BF4B-00C04F79EFBC}") = "TWweb", "TWweb\TWweb.csproj", "{A3C99B3C-73C2-44D9-A88B-D2EF74855A0F}"
EndProject
Project("{FAE04EC0-301F-11D3-BF4B-00C04F79EFBC}") = "DAL", "DAL\DAL.csproj", "{01F87FF7-BB12-41A8-8E0F-E032761A364E}"
EndProject
Global
	GlobalSection(SolutionConfigurationPlatforms) = preSolution
		Debug|Any CPU = Debug|Any CPU
		Release|Any CPU = Release|Any CPU
	EndGlobalSection
	GlobalSection(ProjectConfigurationPlatforms) = postSolution
		{A3C99B3C-73C2-44D9-A88B-D2EF74855A0F}.Debug|Any CPU.ActiveCfg = Debug|Any CPU
		{A3C99B3C-73C2-44D9-A88B-D2EF74855A0F}.Debug|Any CPU.Build.0 = Debug|Any CPU
		{A3C99B3C-73C2-44D9-A88B-D2EF74855A0F}.Release|Any CPU.ActiveCfg = Release|Any CPU
		{A3C99B3C-73C2-44D9-A88B-D2EF74855A0F}.Release|Any CPU.Build.0 = Release|Any CPU
		{01F87FF7-BB12-41A8-8E0F-E032761A364E}.Debug|Any CPU.ActiveCfg = Debug|Any CPU
		{01F87FF7-BB12-41A8-8E0F-E032761A364E}.Debug|Any CPU.Build.0 = Debug|Any CPU
		{01F87FF7-BB12-41A8-8E0F-E032761A364E}.Release|Any CPU.ActiveCfg = Release|Any CPU
		{01F87FF7-BB12-41A8-8E0F-E032761A364E}.Release|Any CPU.Build.0 = Release|Any CPU
	EndGlobalSection
	GlobalSection(SolutionProperties) = preSolution
		HideSolutionNode = FALSE
	EndGlobalSection
EndGlobal
